{
  "nodes": {
    "darwin": {
      "inputs": {
        "nixpkgs": [
          "nixpkgs-darwin"
        ]
      },
      "locked": {
        "lastModified": 1727003835,
        "narHash": "sha256-Cfllbt/ADfO8oxbT984MhPHR6FJBaglsr1SxtDGbpec=",
        "owner": "lnl7",
        "repo": "nix-darwin",
        "rev": "bd7d1e3912d40f799c5c0f7e5820ec950f1e0b3d",
        "type": "github"
      },
      "original": {
        "owner": "lnl7",
        "repo": "nix-darwin",
        "type": "github"
      }
    },
    "flake-utils": {
      "inputs": {
        "systems": "systems"
      },
      "locked": {
        "lastModified": 1726560853,
        "narHash": "sha256-X6rJYSESBVr3hBoH0WbKE5KvhPU5bloyZ2L4K60/fPQ=",
        "owner": "numtide",
        "repo": "flake-utils",
        "rev": "c1dfcf08411b08f6b8615f7d8971a2bfa81d5e8a",
        "type": "github"
      },
      "original": {
        "owner": "numtide",
        "repo": "flake-utils",
        "type": "github"
      }
    },
    "flakey-profile": {
      "locked": {
        "lastModified": 1712898590,
        "narHash": "sha256-FhGIEU93VHAChKEXx905TSiPZKga69bWl1VB37FK//I=",
        "owner": "lf-",
        "repo": "flakey-profile",
        "rev": "243c903fd8eadc0f63d205665a92d4df91d42d9d",
        "type": "github"
      },
      "original": {
        "owner": "lf-",
        "repo": "flakey-profile",
        "type": "github"
      }
    },
    "home-manager": {
      "inputs": {
        "nixpkgs": [
          "nixpkgs-darwin"
        ]
      },
      "locked": {
        "lastModified": 1726989464,
        "narHash": "sha256-Vl+WVTJwutXkimwGprnEtXc/s/s8sMuXzqXaspIGlwM=",
        "owner": "nix-community",
        "repo": "home-manager",
        "rev": "2f23fa308a7c067e52dfcc30a0758f47043ec176",
        "type": "github"
      },
      "original": {
        "owner": "nix-community",
        "ref": "release-24.05",
        "repo": "home-manager",
        "type": "github"
      }
    },
    "lix": {
      "flake": false,
      "locked": {
        "lastModified": 1729298361,
        "narHash": "sha256-hiGtfzxFkDc9TSYsb96Whg0vnqBVV7CUxyscZNhed0U=",
        "rev": "ad9d06f7838a25beec425ff406fe68721fef73be",
        "type": "tarball",
        "url": "https://git.lix.systems/api/v1/repos/lix-project/lix/archive/ad9d06f7838a25beec425ff406fe68721fef73be.tar.gz?rev=ad9d06f7838a25beec425ff406fe68721fef73be"
      },
      "original": {
        "type": "tarball",
        "url": "https://git.lix.systems/lix-project/lix/archive/2.91.1.tar.gz"
      }
    },
    "lix-module": {
      "inputs": {
        "flake-utils": "flake-utils",
        "flakey-profile": "flakey-profile",
        "lix": "lix",
        "nixpkgs": [
          "nixpkgs"
        ]
      },
      "locked": {
        "lastModified": 1729360442,
        "narHash": "sha256-6U0CyPycIBc04hbYy2hBINnVso58n/ZyywY2BD3hu+s=",
        "rev": "9098ac95768f7006d7e070b88bae76939f6034e6",
        "type": "tarball",
        "url": "https://git.lix.systems/api/v1/repos/lix-project/nixos-module/archive/9098ac95768f7006d7e070b88bae76939f6034e6.tar.gz?rev=9098ac95768f7006d7e070b88bae76939f6034e6"
      },
      "original": {
        "type": "tarball",
        "url": "https://git.lix.systems/lix-project/nixos-module/archive/2.91.1-1.tar.gz"
      }
    },
    "nixpkgs": {
      "locked": {
        "lastModified": 1729265718,
        "narHash": "sha256-4HQI+6LsO3kpWTYuVGIzhJs1cetFcwT7quWCk/6rqeo=",
        "owner": "nixos",
        "repo": "nixpkgs",
        "rev": "ccc0c2126893dd20963580b6478d1a10a4512185",
        "type": "github"
      },
      "original": {
        "owner": "nixos",
        "ref": "nixpkgs-unstable",
        "repo": "nixpkgs",
        "type": "github"
      }
    },
    "nixpkgs-darwin": {
      "locked": {
        "lastModified": 1727235967,
        "narHash": "sha256-BDyhOX7iZCumMl5K5XRq2tMMqwvz9cd+fdeHxdwWW7s=",
        "owner": "nixos",
        "repo": "nixpkgs",
        "rev": "613f8ec128bb662e8478a07aec7c8b5b236430bb",
        "type": "github"
      },
      "original": {
        "owner": "nixos",
        "ref": "nixpkgs-24.05-darwin",
        "repo": "nixpkgs",
        "type": "github"
      }
    },
    "root": {
      "inputs": {
        "darwin": "darwin",
        "home-manager": "home-manager",
        "lix-module": "lix-module",
        "nixpkgs": "nixpkgs",
        "nixpkgs-darwin": "nixpkgs-darwin"
      }
    },
    "systems": {
      "locked": {
        "lastModified": 1681028828,
        "narHash": "sha256-Vy1rq5AaRuLzOxct8nz4T6wlgyUR7zLU309k9mBC768=",
        "owner": "nix-systems",
        "repo": "default",
        "rev": "da67096a3b9bf56a91d16901293e51ba5b49a27e",
        "type": "github"
      },
      "original": {
        "owner": "nix-systems",
        "repo": "default",
        "type": "github"
      }
    }
  },
  "root": "root",
  "version": 7
}
